Microsoft Visual Studio Solution File, Format Version 12.00
# Visual Studio Version 17
VisualStudioVersion = 17.5.2.0
MinimumVisualStudioVersion = 10.0.40219.1
Project("{FAE04EC0-301F-11D3-BF4B-00C04F79EFBC}") = "NTFYtest", "NTFYtest.csproj", "{B87B70C0-E475-27F5-F8F9-7A7D7904A614}"
EndProject
Global
	GlobalSection(SolutionConfigurationPlatforms) = preSolution
		Debug|Any CPU = Debug|Any CPU
		Release|Any CPU = Release|Any CPU
	EndGlobalSection
	GlobalSection(ProjectConfigurationPlatforms) = postSolution
		{B87B70C0-E475-27F5-F8F9-7A7D7904A614}.Debug|Any CPU.ActiveCfg = Debug|Any CPU
		{B87B70C0-E475-27F5-F8F9-7A7D7904A614}.Debug|Any CPU.Build.0 = Debug|Any CPU
		{B87B70C0-E475-27F5-F8F9-7A7D7904A614}.Release|Any CPU.ActiveCfg = Release|Any CPU
		{B87B70C0-E475-27F5-F8F9-7A7D7904A614}.Release|Any CPU.Build.0 = Release|Any CPU
	EndGlobalSection
	GlobalSection(SolutionProperties) = preSolution
		HideSolutionNode = FALSE
	EndGlobalSection
	GlobalSection(ExtensibilityGlobals) = postSolution
		SolutionGuid = {D8483CD8-9A2D-4012-85D8-8547CF9E3851}
	EndGlobalSection
EndGlobal
