
Microsoft Visual Studio Solution File, Format Version 12.00
# Visual Studio Version 17
VisualStudioVersion = 17.5.2.0
MinimumVisualStudioVersion = 10.0.40219.1
Project("{FAE04EC0-301F-11D3-BF4B-00C04F79EFBC}") = "MainController", "MainController\MainController.csproj", "{029C086A-9A80-FA1C-69D4-94DBD187C3E4}"
EndProject
Project("{FAE04EC0-301F-11D3-BF4B-00C04F79EFBC}") = "AI", "AI\AI.csproj", "{9CA37078-76CA-861F-F59B-FA86DAB2D82C}"
EndProject
Project("{FAE04EC0-301F-11D3-BF4B-00C04F79EFBC}") = "CameraFeed", "CameraFeed\CameraFeed.csproj", "{8055FEC3-3461-39FA-3E8C-08B8E8904EF0}"
EndProject
Project("{FAE04EC0-301F-11D3-BF4B-00C04F79EFBC}") = "MotorController", "MotorController\MotorController.csproj", "{F2455F52-2553-75CF-2269-BDA861F46A2B}"
EndProject
Project("{FAE04EC0-301F-11D3-BF4B-00C04F79EFBC}") = "NonSpecific", "NonSpecific\NonSpecific.csproj", "{3182C13D-7EB1-4AF8-ADC0-BE39C56779F6}"
EndProject
Project("{FAE04EC0-301F-11D3-BF4B-00C04F79EFBC}") = "Api", "Api\Api.csproj", "{3845C63F-0D3C-4DD0-B77E-90E268F6D68D}"
EndProject
Project("{FAE04EC0-301F-11D3-BF4B-00C04F79EFBC}") = "ImageServer", "ImageServer\ImageServer.csproj", "{5323448C-22AE-497A-AC45-A717D172EBAC}"
EndProject
Project("{FAE04EC0-301F-11D3-BF4B-00C04F79EFBC}") = "MainFunctions", "MainFunctions\MainFunctions.csproj", "{1C8BF6DC-B818-4033-A1FB-B089B38B61EE}"
EndProject
Project("{FAE04EC0-301F-11D3-BF4B-00C04F79EFBC}") = "Ntfy", "Ntfy\Ntfy.csproj", "{D8ADB703-7CE2-431D-8C7D-D9C3E37F4DB7}"
EndProject
Global
	GlobalSection(SolutionConfigurationPlatforms) = preSolution
		Debug|Any CPU = Debug|Any CPU
		Debug|x64 = Debug|x64
		Debug|x86 = Debug|x86
		Release|Any CPU = Release|Any CPU
		Release|x64 = Release|x64
		Release|x86 = Release|x86
	EndGlobalSection
	GlobalSection(ProjectConfigurationPlatforms) = postSolution
		{029C086A-9A80-FA1C-69D4-94DBD187C3E4}.Debug|Any CPU.ActiveCfg = Debug|Any CPU
		{029C086A-9A80-FA1C-69D4-94DBD187C3E4}.Debug|Any CPU.Build.0 = Debug|Any CPU
		{029C086A-9A80-FA1C-69D4-94DBD187C3E4}.Debug|x64.ActiveCfg = Debug|Any CPU
		{029C086A-9A80-FA1C-69D4-94DBD187C3E4}.Debug|x64.Build.0 = Debug|Any CPU
		{029C086A-9A80-FA1C-69D4-94DBD187C3E4}.Debug|x86.ActiveCfg = Debug|Any CPU
		{029C086A-9A80-FA1C-69D4-94DBD187C3E4}.Debug|x86.Build.0 = Debug|Any CPU
		{029C086A-9A80-FA1C-69D4-94DBD187C3E4}.Release|Any CPU.ActiveCfg = Release|Any CPU
		{029C086A-9A80-FA1C-69D4-94DBD187C3E4}.Release|Any CPU.Build.0 = Release|Any CPU
		{029C086A-9A80-FA1C-69D4-94DBD187C3E4}.Release|x64.ActiveCfg = Release|Any CPU
		{029C086A-9A80-FA1C-69D4-94DBD187C3E4}.Release|x64.Build.0 = Release|Any CPU
		{029C086A-9A80-FA1C-69D4-94DBD187C3E4}.Release|x86.ActiveCfg = Release|Any CPU
		{029C086A-9A80-FA1C-69D4-94DBD187C3E4}.Release|x86.Build.0 = Release|Any CPU
		{9CA37078-76CA-861F-F59B-FA86DAB2D82C}.Debug|Any CPU.ActiveCfg = Debug|Any CPU
		{9CA37078-76CA-861F-F59B-FA86DAB2D82C}.Debug|Any CPU.Build.0 = Debug|Any CPU
		{9CA37078-76CA-861F-F59B-FA86DAB2D82C}.Debug|x64.ActiveCfg = Debug|Any CPU
		{9CA37078-76CA-861F-F59B-FA86DAB2D82C}.Debug|x64.Build.0 = Debug|Any CPU
		{9CA37078-76CA-861F-F59B-FA86DAB2D82C}.Debug|x86.ActiveCfg = Debug|Any CPU
		{9CA37078-76CA-861F-F59B-FA86DAB2D82C}.Debug|x86.Build.0 = Debug|Any CPU
		{9CA37078-76CA-861F-F59B-FA86DAB2D82C}.Release|Any CPU.ActiveCfg = Release|Any CPU
		{9CA37078-76CA-861F-F59B-FA86DAB2D82C}.Release|Any CPU.Build.0 = Release|Any CPU
		{9CA37078-76CA-861F-F59B-FA86DAB2D82C}.Release|x64.ActiveCfg = Release|Any CPU
		{9CA37078-76CA-861F-F59B-FA86DAB2D82C}.Release|x64.Build.0 = Release|Any CPU
		{9CA37078-76CA-861F-F59B-FA86DAB2D82C}.Release|x86.ActiveCfg = Release|Any CPU
		{9CA37078-76CA-861F-F59B-FA86DAB2D82C}.Release|x86.Build.0 = Release|Any CPU
		{8055FEC3-3461-39FA-3E8C-08B8E8904EF0}.Debug|Any CPU.ActiveCfg = Debug|Any CPU
		{8055FEC3-3461-39FA-3E8C-08B8E8904EF0}.Debug|Any CPU.Build.0 = Debug|Any CPU
		{8055FEC3-3461-39FA-3E8C-08B8E8904EF0}.Debug|x64.ActiveCfg = Debug|Any CPU
		{8055FEC3-3461-39FA-3E8C-08B8E8904EF0}.Debug|x64.Build.0 = Debug|Any CPU
		{8055FEC3-3461-39FA-3E8C-08B8E8904EF0}.Debug|x86.ActiveCfg = Debug|Any CPU
		{8055FEC3-3461-39FA-3E8C-08B8E8904EF0}.Debug|x86.Build.0 = Debug|Any CPU
		{8055FEC3-3461-39FA-3E8C-08B8E8904EF0}.Release|Any CPU.ActiveCfg = Release|Any CPU
		{8055FEC3-3461-39FA-3E8C-08B8E8904EF0}.Release|Any CPU.Build.0 = Release|Any CPU
		{8055FEC3-3461-39FA-3E8C-08B8E8904EF0}.Release|x64.ActiveCfg = Release|Any CPU
		{8055FEC3-3461-39FA-3E8C-08B8E8904EF0}.Release|x64.Build.0 = Release|Any CPU
		{8055FEC3-3461-39FA-3E8C-08B8E8904EF0}.Release|x86.ActiveCfg = Release|Any CPU
		{8055FEC3-3461-39FA-3E8C-08B8E8904EF0}.Release|x86.Build.0 = Release|Any CPU
		{F2455F52-2553-75CF-2269-BDA861F46A2B}.Debug|Any CPU.ActiveCfg = Debug|Any CPU
		{F2455F52-2553-75CF-2269-BDA861F46A2B}.Debug|Any CPU.Build.0 = Debug|Any CPU
		{F2455F52-2553-75CF-2269-BDA861F46A2B}.Debug|x64.ActiveCfg = Debug|Any CPU
		{F2455F52-2553-75CF-2269-BDA861F46A2B}.Debug|x64.Build.0 = Debug|Any CPU
		{F2455F52-2553-75CF-2269-BDA861F46A2B}.Debug|x86.ActiveCfg = Debug|Any CPU
		{F2455F52-2553-75CF-2269-BDA861F46A2B}.Debug|x86.Build.0 = Debug|Any CPU
		{F2455F52-2553-75CF-2269-BDA861F46A2B}.Release|Any CPU.ActiveCfg = Release|Any CPU
		{F2455F52-2553-75CF-2269-BDA861F46A2B}.Release|Any CPU.Build.0 = Release|Any CPU
		{F2455F52-2553-75CF-2269-BDA861F46A2B}.Release|x64.ActiveCfg = Release|Any CPU
		{F2455F52-2553-75CF-2269-BDA861F46A2B}.Release|x64.Build.0 = Release|Any CPU
		{F2455F52-2553-75CF-2269-BDA861F46A2B}.Release|x86.ActiveCfg = Release|Any CPU
		{F2455F52-2553-75CF-2269-BDA861F46A2B}.Release|x86.Build.0 = Release|Any CPU
		{3182C13D-7EB1-4AF8-ADC0-BE39C56779F6}.Debug|Any CPU.ActiveCfg = Debug|Any CPU
		{3182C13D-7EB1-4AF8-ADC0-BE39C56779F6}.Debug|Any CPU.Build.0 = Debug|Any CPU
		{3182C13D-7EB1-4AF8-ADC0-BE39C56779F6}.Debug|x64.ActiveCfg = Debug|Any CPU
		{3182C13D-7EB1-4AF8-ADC0-BE39C56779F6}.Debug|x64.Build.0 = Debug|Any CPU
		{3182C13D-7EB1-4AF8-ADC0-BE39C56779F6}.Debug|x86.ActiveCfg = Debug|Any CPU
		{3182C13D-7EB1-4AF8-ADC0-BE39C56779F6}.Debug|x86.Build.0 = Debug|Any CPU
		{3182C13D-7EB1-4AF8-ADC0-BE39C56779F6}.Release|Any CPU.ActiveCfg = Release|Any CPU
		{3182C13D-7EB1-4AF8-ADC0-BE39C56779F6}.Release|Any CPU.Build.0 = Release|Any CPU
		{3182C13D-7EB1-4AF8-ADC0-BE39C56779F6}.Release|x64.ActiveCfg = Release|Any CPU
		{3182C13D-7EB1-4AF8-ADC0-BE39C56779F6}.Release|x64.Build.0 = Release|Any CPU
		{3182C13D-7EB1-4AF8-ADC0-BE39C56779F6}.Release|x86.ActiveCfg = Release|Any CPU
		{3182C13D-7EB1-4AF8-ADC0-BE39C56779F6}.Release|x86.Build.0 = Release|Any CPU
		{3845C63F-0D3C-4DD0-B77E-90E268F6D68D}.Debug|Any CPU.ActiveCfg = Debug|Any CPU
		{3845C63F-0D3C-4DD0-B77E-90E268F6D68D}.Debug|Any CPU.Build.0 = Debug|Any CPU
		{3845C63F-0D3C-4DD0-B77E-90E268F6D68D}.Debug|x64.ActiveCfg = Debug|Any CPU
		{3845C63F-0D3C-4DD0-B77E-90E268F6D68D}.Debug|x64.Build.0 = Debug|Any CPU
		{3845C63F-0D3C-4DD0-B77E-90E268F6D68D}.Debug|x86.ActiveCfg = Debug|Any CPU
		{3845C63F-0D3C-4DD0-B77E-90E268F6D68D}.Debug|x86.Build.0 = Debug|Any CPU
		{3845C63F-0D3C-4DD0-B77E-90E268F6D68D}.Release|Any CPU.ActiveCfg = Release|Any CPU
		{3845C63F-0D3C-4DD0-B77E-90E268F6D68D}.Release|Any CPU.Build.0 = Release|Any CPU
		{3845C63F-0D3C-4DD0-B77E-90E268F6D68D}.Release|x64.ActiveCfg = Release|Any CPU
		{3845C63F-0D3C-4DD0-B77E-90E268F6D68D}.Release|x64.Build.0 = Release|Any CPU
		{3845C63F-0D3C-4DD0-B77E-90E268F6D68D}.Release|x86.ActiveCfg = Release|Any CPU
		{3845C63F-0D3C-4DD0-B77E-90E268F6D68D}.Release|x86.Build.0 = Release|Any CPU
		{5323448C-22AE-497A-AC45-A717D172EBAC}.Debug|Any CPU.ActiveCfg = Debug|Any CPU
		{5323448C-22AE-497A-AC45-A717D172EBAC}.Debug|Any CPU.Build.0 = Debug|Any CPU
		{5323448C-22AE-497A-AC45-A717D172EBAC}.Debug|x64.ActiveCfg = Debug|Any CPU
		{5323448C-22AE-497A-AC45-A717D172EBAC}.Debug|x64.Build.0 = Debug|Any CPU
		{5323448C-22AE-497A-AC45-A717D172EBAC}.Debug|x86.ActiveCfg = Debug|Any CPU
		{5323448C-22AE-497A-AC45-A717D172EBAC}.Debug|x86.Build.0 = Debug|Any CPU
		{5323448C-22AE-497A-AC45-A717D172EBAC}.Release|Any CPU.ActiveCfg = Release|Any CPU
		{5323448C-22AE-497A-AC45-A717D172EBAC}.Release|Any CPU.Build.0 = Release|Any CPU
		{5323448C-22AE-497A-AC45-A717D172EBAC}.Release|x64.ActiveCfg = Release|Any CPU
		{5323448C-22AE-497A-AC45-A717D172EBAC}.Release|x64.Build.0 = Release|Any CPU
		{5323448C-22AE-497A-AC45-A717D172EBAC}.Release|x86.ActiveCfg = Release|Any CPU
		{5323448C-22AE-497A-AC45-A717D172EBAC}.Release|x86.Build.0 = Release|Any CPU
		{1C8BF6DC-B818-4033-A1FB-B089B38B61EE}.Debug|Any CPU.ActiveCfg = Debug|Any CPU
		{1C8BF6DC-B818-4033-A1FB-B089B38B61EE}.Debug|Any CPU.Build.0 = Debug|Any CPU
		{1C8BF6DC-B818-4033-A1FB-B089B38B61EE}.Debug|x64.ActiveCfg = Debug|Any CPU
		{1C8BF6DC-B818-4033-A1FB-B089B38B61EE}.Debug|x64.Build.0 = Debug|Any CPU
		{1C8BF6DC-B818-4033-A1FB-B089B38B61EE}.Debug|x86.ActiveCfg = Debug|Any CPU
		{1C8BF6DC-B818-4033-A1FB-B089B38B61EE}.Debug|x86.Build.0 = Debug|Any CPU
		{1C8BF6DC-B818-4033-A1FB-B089B38B61EE}.Release|Any CPU.ActiveCfg = Release|Any CPU
		{1C8BF6DC-B818-4033-A1FB-B089B38B61EE}.Release|Any CPU.Build.0 = Release|Any CPU
		{1C8BF6DC-B818-4033-A1FB-B089B38B61EE}.Release|x64.ActiveCfg = Release|Any CPU
		{1C8BF6DC-B818-4033-A1FB-B089B38B61EE}.Release|x64.Build.0 = Release|Any CPU
		{1C8BF6DC-B818-4033-A1FB-B089B38B61EE}.Release|x86.ActiveCfg = Release|Any CPU
		{1C8BF6DC-B818-4033-A1FB-B089B38B61EE}.Release|x86.Build.0 = Release|Any CPU
		{D8ADB703-7CE2-431D-8C7D-D9C3E37F4DB7}.Debug|Any CPU.ActiveCfg = Debug|Any CPU
		{D8ADB703-7CE2-431D-8C7D-D9C3E37F4DB7}.Debug|Any CPU.Build.0 = Debug|Any CPU
		{D8ADB703-7CE2-431D-8C7D-D9C3E37F4DB7}.Debug|x64.ActiveCfg = Debug|Any CPU
		{D8ADB703-7CE2-431D-8C7D-D9C3E37F4DB7}.Debug|x64.Build.0 = Debug|Any CPU
		{D8ADB703-7CE2-431D-8C7D-D9C3E37F4DB7}.Debug|x86.ActiveCfg = Debug|Any CPU
		{D8ADB703-7CE2-431D-8C7D-D9C3E37F4DB7}.Debug|x86.Build.0 = Debug|Any CPU
		{D8ADB703-7CE2-431D-8C7D-D9C3E37F4DB7}.Release|Any CPU.ActiveCfg = Release|Any CPU
		{D8ADB703-7CE2-431D-8C7D-D9C3E37F4DB7}.Release|Any CPU.Build.0 = Release|Any CPU
		{D8ADB703-7CE2-431D-8C7D-D9C3E37F4DB7}.Release|x64.ActiveCfg = Release|Any CPU
		{D8ADB703-7CE2-431D-8C7D-D9C3E37F4DB7}.Release|x64.Build.0 = Release|Any CPU
		{D8ADB703-7CE2-431D-8C7D-D9C3E37F4DB7}.Release|x86.ActiveCfg = Release|Any CPU
		{D8ADB703-7CE2-431D-8C7D-D9C3E37F4DB7}.Release|x86.Build.0 = Release|Any CPU
	EndGlobalSection
	GlobalSection(SolutionProperties) = preSolution
		HideSolutionNode = FALSE
	EndGlobalSection
	GlobalSection(ExtensibilityGlobals) = postSolution
		SolutionGuid = {81F6C3DF-4C3C-45A9-AF02-8BEBAC1097A4}
	EndGlobalSection
EndGlobal
